
Microsoft Visual Studio Solution File, Format Version 12.00
# Visual Studio Version 17
VisualStudioVersion = 17.10.35122.118
MinimumVisualStudioVersion = 10.0.40219.1
Project("{FAE04EC0-301F-11D3-BF4B-00C04F79EFBC}") = "atv", "atv\atv.csproj", "{C34121B7-A456-40B6-BF68-60A7C61C27FF}"
EndProject
Global
	GlobalSection(SolutionConfigurationPlatforms) = preSolution
		Debug|Any CPU = Debug|Any CPU
		Release|Any CPU = Release|Any CPU
	EndGlobalSection
	GlobalSection(ProjectConfigurationPlatforms) = postSolution
		{C34121B7-A456-40B6-BF68-60A7C61C27FF}.Debug|Any CPU.ActiveCfg = Debug|Any CPU
		{C34121B7-A456-40B6-BF68-60A7C61C27FF}.Debug|Any CPU.Build.0 = Debug|Any CPU
		{C34121B7-A456-40B6-BF68-60A7C61C27FF}.Release|Any CPU.ActiveCfg = Release|Any CPU
		{C34121B7-A456-40B6-BF68-60A7C61C27FF}.Release|Any CPU.Build.0 = Release|Any CPU
	EndGlobalSection
	GlobalSection(SolutionProperties) = preSolution
		HideSolutionNode = FALSE
	EndGlobalSection
	GlobalSection(ExtensibilityGlobals) = postSolution
		SolutionGuid = {8DDBEFEF-3109-4E2E-BE7D-BA7B2CDBF86B}
	EndGlobalSection
EndGlobal
